// !$*UTF8*$!
{
	archiveVersion = 1;
	classes = {
	};
	objectVersion = 50;
	objects = {

/* Begin PBXBuildFile section */
		485320A62493C95300086A13 /* DetailsView.swift in Sources */ = {isa = PBXBuildFile; fileRef = 485320A52493C95300086A13 /* DetailsView.swift */; };
		485320A82493D00B00086A13 /* ContentView.swift in Sources */ = {isa = PBXBuildFile; fileRef = 485320A72493D00B00086A13 /* ContentView.swift */; };
		48752C612493AC5C00AF98A4 /* AppDelegate.swift in Sources */ = {isa = PBXBuildFile; fileRef = 48752C602493AC5C00AF98A4 /* AppDelegate.swift */; };
		48752C632493AC5C00AF98A4 /* SceneDelegate.swift in Sources */ = {isa = PBXBuildFile; fileRef = 48752C622493AC5C00AF98A4 /* SceneDelegate.swift */; };
		48752C672493AC5E00AF98A4 /* Assets.xcassets in Resources */ = {isa = PBXBuildFile; fileRef = 48752C662493AC5E00AF98A4 /* Assets.xcassets */; };
		48752C6A2493AC5E00AF98A4 /* Preview Assets.xcassets in Resources */ = {isa = PBXBuildFile; fileRef = 48752C692493AC5E00AF98A4 /* Preview Assets.xcassets */; };
		48752C6D2493AC5E00AF98A4 /* LaunchScreen.storyboard in Resources */ = {isa = PBXBuildFile; fileRef = 48752C6B2493AC5E00AF98A4 /* LaunchScreen.storyboard */; };
		48752C752493ACD400AF98A4 /* FavoriteModel.swift in Sources */ = {isa = PBXBuildFile; fileRef = 48752C742493ACD400AF98A4 /* FavoriteModel.swift */; };
/* End PBXBuildFile section */

/* Begin PBXFileReference section */
		485320A52493C95300086A13 /* DetailsView.swift */ = {isa = PBXFileReference; lastKnownFileType = sourcecode.swift; path = DetailsView.swift; sourceTree = "<group>"; };
		485320A72493D00B00086A13 /* ContentView.swift */ = {isa = PBXFileReference; lastKnownFileType = sourcecode.swift; path = ContentView.swift; sourceTree = "<group>"; };
		48752C5D2493AC5C00AF98A4 /* FavoriteBook App.app */ = {isa = PBXFileReference; explicitFileType = wrapper.application; includeInIndex = 0; path = "FavoriteBook App.app"; sourceTree = BUILT_PRODUCTS_DIR; };
		48752C602493AC5C00AF98A4 /* AppDelegate.swift */ = {isa = PBXFileReference; lastKnownFileType = sourcecode.swift; path = AppDelegate.swift; sourceTree = "<group>"; };
		48752C622493AC5C00AF98A4 /* SceneDelegate.swift */ = {isa = PBXFileReference; lastKnownFileType = sourcecode.swift; path = SceneDelegate.swift; sourceTree = "<group>"; };
		48752C662493AC5E00AF98A4 /* Assets.xcassets */ = {isa = PBXFileReference; lastKnownFileType = folder.assetcatalog; path = Assets.xcassets; sourceTree = "<group>"; };
		48752C692493AC5E00AF98A4 /* Preview Assets.xcassets */ = {isa = PBXFileReference; lastKnownFileType = folder.assetcatalog; path = "Preview Assets.xcassets"; sourceTree = "<group>"; };
		48752C6C2493AC5E00AF98A4 /* Base */ = {isa = PBXFileReference; lastKnownFileType = file.storyboard; name = Base; path = Base.lproj/LaunchScreen.storyboard; sourceTree = "<group>"; };
		48752C6E2493AC5E00AF98A4 /* Info.plist */ = {isa = PBXFileReference; lastKnownFileType = text.plist.xml; path = Info.plist; sourceTree = "<group>"; };
		48752C742493ACD400AF98A4 /* FavoriteModel.swift */ = {isa = PBXFileReference; lastKnownFileType = sourcecode.swift; path = FavoriteModel.swift; sourceTree = "<group>"; };
/* End PBXFileReference section */

/* Begin PBXFrameworksBuildPhase section */
		48752C5A2493AC5C00AF98A4 /* Frameworks */ = {
			isa = PBXFrameworksBuildPhase;
			buildActionMask = 2147483647;
			files = (
			);
			runOnlyForDeploymentPostprocessing = 0;
		};
/* End PBXFrameworksBuildPhase section */

/* Begin PBXGroup section */
		48752C542493AC5C00AF98A4 = {
			isa = PBXGroup;
			children = (
				48752C5F2493AC5C00AF98A4 /* FavoriteBook App */,
				48752C5E2493AC5C00AF98A4 /* Products */,
			);
			sourceTree = "<group>";
		};
		48752C5E2493AC5C00AF98A4 /* Products */ = {
			isa = PBXGroup;
			children = (
				48752C5D2493AC5C00AF98A4 /* FavoriteBook App.app */,
			);
			name = Products;
			sourceTree = "<group>";
		};
		48752C5F2493AC5C00AF98A4 /* FavoriteBook App */ = {
			isa = PBXGroup;
			children = (
				48752C602493AC5C00AF98A4 /* AppDelegate.swift */,
				485320A72493D00B00086A13 /* ContentView.swift */,
				48752C742493ACD400AF98A4 /* FavoriteModel.swift */,
				48752C622493AC5C00AF98A4 /* SceneDelegate.swift */,
				485320A52493C95300086A13 /* DetailsView.swift */,
				48752C662493AC5E00AF98A4 /* Assets.xcassets */,
				48752C6B2493AC5E00AF98A4 /* LaunchScreen.storyboard */,
				48752C6E2493AC5E00AF98A4 /* Info.plist */,
				48752C682493AC5E00AF98A4 /* Preview Content */,
			);
			path = "FavoriteBook App";
			sourceTree = "<group>";
		};
		48752C682493AC5E00AF98A4 /* Preview Content */ = {
			isa = PBXGroup;
			children = (
				48752C692493AC5E00AF98A4 /* Preview Assets.xcassets */,
			);
			path = "Preview Content";
			sourceTree = "<group>";
		};
/* End PBXGroup section */

/* Begin PBXNativeTarget section */
		48752C5C2493AC5C00AF98A4 /* FavoriteBook App */ = {
			isa = PBXNativeTarget;
			buildConfigurationList = 48752C712493AC5E00AF98A4 /* Build configuration list for PBXNativeTarget "FavoriteBook App" */;
			buildPhases = (
				48752C592493AC5C00AF98A4 /* Sources */,
				48752C5A2493AC5C00AF98A4 /* Frameworks */,
				48752C5B2493AC5C00AF98A4 /* Resources */,
			);
			buildRules = (
			);
			dependencies = (
			);
			name = "FavoriteBook App";
			productName = "FavoriteBook App";
			productReference = 48752C5D2493AC5C00AF98A4 /* FavoriteBook App.app */;
			productType = "com.apple.product-type.application";
		};
/* End PBXNativeTarget section */

/* Begin PBXProject section */
		48752C552493AC5C00AF98A4 /* Project object */ = {
			isa = PBXProject;
			attributes = {
				LastSwiftUpdateCheck = 1140;
				LastUpgradeCheck = 1140;
				ORGANIZATIONNAME = "Emil Vaklinov";
				TargetAttributes = {
					48752C5C2493AC5C00AF98A4 = {
						CreatedOnToolsVersion = 11.4.1;
					};
				};
			};
			buildConfigurationList = 48752C582493AC5C00AF98A4 /* Build configuration list for PBXProject "FavoriteBook App" */;
			compatibilityVersion = "Xcode 9.3";
			developmentRegion = en;
			hasScannedForEncodings = 0;
			knownRegions = (
				en,
				Base,
			);
			mainGroup = 48752C542493AC5C00AF98A4;
			productRefGroup = 48752C5E2493AC5C00AF98A4 /* Products */;
			projectDirPath = "";
			projectRoot = "";
			targets = (
				48752C5C2493AC5C00AF98A4 /* FavoriteBook App */,
			);
		};
/* End PBXProject section */

/* Begin PBXResourcesBuildPhase section */
		48752C5B2493AC5C00AF98A4 /* Resources */ = {
			isa = PBXResourcesBuildPhase;
			buildActionMask = 2147483647;
			files = (
				48752C6D2493AC5E00AF98A4 /* LaunchScreen.storyboard in Resources */,
				48752C6A2493AC5E00AF98A4 /* Preview Assets.xcassets in Resources */,
				48752C672493AC5E00AF98A4 /* Assets.xcassets in Resources */,
			);
			runOnlyForDeploymentPostprocessing = 0;
		};
/* End PBXResourcesBuildPhase section */

/* Begin PBXSourcesBuildPhase section */
		48752C592493AC5C00AF98A4 /* Sources */ = {
			isa = PBXSourcesBuildPhase;
			buildActionMask = 2147483647;
			files = (
				48752C612493AC5C00AF98A4 /* AppDelegate.swift in Sources */,
				485320A82493D00B00086A13 /* ContentView.swift in Sources */,
				485320A62493C95300086A13 /* DetailsView.swift in Sources */,
				48752C632493AC5C00AF98A4 /* SceneDelegate.swift in Sources */,
				48752C752493ACD400AF98A4 /* FavoriteModel.swift in Sources */,
			);
			runOnlyForDeploymentPostprocessing = 0;
		};
/* End PBXSourcesBuildPhase section */

/* Begin PBXVariantGroup section */
		48752C6B2493AC5E00AF98A4 /* LaunchScreen.storyboard */ = {
			isa = PBXVariantGroup;
			children = (
				48752C6C2493AC5E00AF98A4 /* Base */,
			);
			name = LaunchScreen.storyboard;
			sourceTree = "<group>";
		};
/* End PBXVariantGroup section */

/* Begin XCBuildConfiguration section */
		48752C6F2493AC5E00AF98A4 /* Debug */ = {
			isa = XCBuildConfiguration;
			buildSettings = {
				ALWAYS_SEARCH_USER_PATHS = NO;
				CLANG_ANALYZER_NONNULL = YES;
				CLANG_ANALYZER_NUMBER_OBJECT_CONVERSION = YES_AGGRESSIVE;
				CLANG_CXX_LANGUAGE_STANDARD = "gnu++14";
				CLANG_CXX_LIBRARY = "libc++";
				CLANG_ENABLE_MODULES = YES;
				CLANG_ENABLE_OBJC_ARC = YES;
				CLANG_ENABLE_OBJC_WEAK = YES;
				CLANG_WARN_BLOCK_CAPTURE_AUTORELEASING = YES;
				CLANG_WARN_BOOL_CONVERSION = YES;
				CLANG_WARN_COMMA = YES;
				CLANG_WARN_CONSTANT_CONVERSION = YES;
				CLANG_WARN_DEPRECATED_OBJC_IMPLEMENTATIONS = YES;
				CLANG_WARN_DIRECT_OBJC_ISA_USAGE = YES_ERROR;
				CLANG_WARN_DOCUMENTATION_COMMENTS = YES;
				CLANG_WARN_EMPTY_BODY = YES;
				CLANG_WARN_ENUM_CONVERSION = YES;
				CLANG_WARN_INFINITE_RECURSION = YES;
				CLANG_WARN_INT_CONVERSION = YES;
				CLANG_WARN_NON_LITERAL_NULL_CONVERSION = YES;
				CLANG_WARN_OBJC_IMPLICIT_RETAIN_SELF = YES;
				CLANG_WARN_OBJC_LITERAL_CONVERSION = YES;
				CLANG_WARN_OBJC_ROOT_CLASS = YES_ERROR;
				CLANG_WARN_RANGE_LOOP_ANALYSIS = YES;
				CLANG_WARN_STRICT_PROTOTYPES = YES;
				CLANG_WARN_SUSPICIOUS_MOVE = YES;
				CLANG_WARN_UNGUARDED_AVAILABILITY = YES_AGGRESSIVE;
				CLANG_WARN_UNREACHABLE_CODE = YES;
				CLANG_WARN__DUPLICATE_METHOD_MATCH = YES;
				COPY_PHASE_STRIP = NO;
				DEBUG_INFORMATION_FORMAT = dwarf;
				ENABLE_STRICT_OBJC_MSGSEND = YES;
				ENABLE_TESTABILITY = YES;
				GCC_C_LANGUAGE_STANDARD = gnu11;
				GCC_DYNAMIC_NO_PIC = NO;
				GCC_NO_COMMON_BLOCKS = YES;
				GCC_OPTIMIZATION_LEVEL = 0;
				GCC_PREPROCESSOR_DEFINITIONS = (
					"DEBUG=1",
					"$(inherited)",
				);
				GCC_WARN_64_TO_32_BIT_CONVERSION = YES;
				GCC_WARN_ABOUT_RETURN_TYPE = YES_ERROR;
				GCC_WARN_UNDECLARED_SELECTOR = YES;
				GCC_WARN_UNINITIALIZED_AUTOS = YES_AGGRESSIVE;
				GCC_WARN_UNUSED_FUNCTION = YES;
				GCC_WARN_UNUSED_VARIABLE = YES;
				IPHONEOS_DEPLOYMENT_TARGET = 13.4;
				MTL_ENABLE_DEBUG_INFO = INCLUDE_SOURCE;
				MTL_FAST_MATH = YES;
				ONLY_ACTIVE_ARCH = YES;
				SDKROOT = iphoneos;
				SWIFT_ACTIVE_COMPILATION_CONDITIONS = DEBUG;
				SWIFT_OPTIMIZATION_LEVEL = "-Onone";
			};
			name = Debug;
		};
		48752C702493AC5E00AF98A4 /* Release */ = {
			isa = XCBuildConfiguration;
			buildSettings = {
				ALWAYS_SEARCH_USER_PATHS = NO;
				CLANG_ANALYZER_NONNULL = YES;
				CLANG_ANALYZER_NUMBER_OBJECT_CONVERSION = YES_AGGRESSIVE;
				CLANG_CXX_LANGUAGE_STANDARD = "gnu++14";
				CLANG_CXX_LIBRARY = "libc++";
				CLANG_ENABLE_MODULES = YES;
				CLANG_ENABLE_OBJC_ARC = YES;
				CLANG_ENABLE_OBJC_WEAK = YES;
				CLANG_WARN_BLOCK_CAPTURE_AUTORELEASING = YES;
				CLANG_WARN_BOOL_CONVERSION = YES;
				CLANG_WARN_COMMA = YES;
				CLANG_WARN_CONSTANT_CONVERSION = YES;
				CLANG_WARN_DEPRECATED_OBJC_IMPLEMENTATIONS = YES;
				CLANG_WARN_DIRECT_OBJC_ISA_USAGE = YES_ERROR;
				CLANG_WARN_DOCUMENTATION_COMMENTS = YES;
				CLANG_WARN_EMPTY_BODY = YES;
				CLANG_WARN_ENUM_CONVERSION = YES;
				CLANG_WARN_INFINITE_RECURSION = YES;
				CLANG_WARN_INT_CONVERSION = YES;
				CLANG_WARN_NON_LITERAL_NULL_CONVERSION = YES;
				CLANG_WARN_OBJC_IMPLICIT_RETAIN_SELF = YES;
				CLANG_WARN_OBJC_LITERAL_CONVERSION = YES;
				CLANG_WARN_OBJC_ROOT_CLASS = YES_ERROR;
				CLANG_WARN_RANGE_LOOP_ANALYSIS = YES;
				CLANG_WARN_STRICT_PROTOTYPES = YES;
				CLANG_WARN_SUSPICIOUS_MOVE = YES;
				CLANG_WARN_UNGUARDED_AVAILABILITY = YES_AGGRESSIVE;
				CLANG_WARN_UNREACHABLE_CODE = YES;
				CLANG_WARN__DUPLICATE_METHOD_MATCH = YES;
				COPY_PHASE_STRIP = NO;
				DEBUG_INFORMATION_FORMAT = "dwarf-with-dsym";
				ENABLE_NS_ASSERTIONS = NO;
				ENABLE_STRICT_OBJC_MSGSEND = YES;
				GCC_C_LANGUAGE_STANDARD = gnu11;
				GCC_NO_COMMON_BLOCKS = YES;
				GCC_WARN_64_TO_32_BIT_CONVERSION = YES;
				GCC_WARN_ABOUT_RETURN_TYPE = YES_ERROR;
				GCC_WARN_UNDECLARED_SELECTOR = YES;
				GCC_WARN_UNINITIALIZED_AUTOS = YES_AGGRESSIVE;
				GCC_WARN_UNUSED_FUNCTION = YES;
				GCC_WARN_UNUSED_VARIABLE = YES;
				IPHONEOS_DEPLOYMENT_TARGET = 13.4;
				MTL_ENABLE_DEBUG_INFO = NO;
				MTL_FAST_MATH = YES;
				SDKROOT = iphoneos;
				SWIFT_COMPILATION_MODE = wholemodule;
				SWIFT_OPTIMIZATION_LEVEL = "-O";
				VALIDATE_PRODUCT = YES;
			};
			name = Release;
		};
		48752C722493AC5E00AF98A4 /* Debug */ = {
			isa = XCBuildConfiguration;
			buildSettings = {
				ASSETCATALOG_COMPILER_APPICON_NAME = AppIcon;
				CODE_SIGN_STYLE = Automatic;
				DEVELOPMENT_ASSET_PATHS = "\"FavoriteBook App/Preview Content\"";
				ENABLE_PREVIEWS = YES;
				INFOPLIST_FILE = "FavoriteBook App/Info.plist";
				LD_RUNPATH_SEARCH_PATHS = (
					"$(inherited)",
					"@executable_path/Frameworks",
				);
				PRODUCT_BUNDLE_IDENTIFIER = "com.emil.FavoriteBook-App";
				PRODUCT_NAME = "$(TARGET_NAME)";
				SWIFT_VERSION = 5.0;
				TARGETED_DEVICE_FAMILY = "1,2";
			};
			name = Debug;
		};
		48752C732493AC5E00AF98A4 /* Release */ = {
			isa = XCBuildConfiguration;
			buildSettings = {
				ASSETCATALOG_COMPILER_APPICON_NAME = AppIcon;
				CODE_SIGN_STYLE = Automatic;
				DEVELOPMENT_ASSET_PATHS = "\"FavoriteBook App/Preview Content\"";
				ENABLE_PREVIEWS = YES;
				INFOPLIST_FILE = "FavoriteBook App/Info.plist";
				LD_RUNPATH_SEARCH_PATHS = (
					"$(inherited)",
					"@executable_path/Frameworks",
				);
				PRODUCT_BUNDLE_IDENTIFIER = "com.emil.FavoriteBook-App";
				PRODUCT_NAME = "$(TARGET_NAME)";
				SWIFT_VERSION = 5.0;
				TARGETED_DEVICE_FAMILY = "1,2";
			};
			name = Release;
		};
/* End XCBuildConfiguration section */

/* Begin XCConfigurationList section */
		48752C582493AC5C00AF98A4 /* Build configuration list for PBXProject "FavoriteBook App" */ = {
			isa = XCConfigurationList;
			buildConfigurations = (
				48752C6F2493AC5E00AF98A4 /* Debug */,
				48752C702493AC5E00AF98A4 /* Release */,
			);
			defaultConfigurationIsVisible = 0;
			defaultConfigurationName = Release;
		};
		48752C712493AC5E00AF98A4 /* Build configuration list for PBXNativeTarget "FavoriteBook App" */ = {
			isa = XCConfigurationList;
			buildConfigurations = (
				48752C722493AC5E00AF98A4 /* Debug */,
				48752C732493AC5E00AF98A4 /* Release */,
			);
			defaultConfigurationIsVisible = 0;
			defaultConfigurationName = Release;
		};
/* End XCConfigurationList section */
	};
	rootObject = 48752C552493AC5C00AF98A4 /* Project object */;
}
